// !$*UTF8*$!
{
	archiveVersion = 1;
	classes = {
	};
	objectVersion = 56;
	objects = {

/* Begin PBXBuildFile section */
		FA10903E2D4ADC1A008F082C /* BookCollectionViewCell.swift in Sources */ = {isa = PBXBuildFile; fileRef = FA10903D2D4ADC1A008F082C /* BookCollectionViewCell.swift */; };
		FA27378C2D7885A10020FFB2 /* NewCoverView.swift in Sources */ = {isa = PBXBuildFile; fileRef = FA27378B2D7885A10020FFB2 /* NewCoverView.swift */; };
		FA27378E2D7887440020FFB2 /* UIView+Ext.swift in Sources */ = {isa = PBXBuildFile; fileRef = FA27378D2D7887440020FFB2 /* UIView+Ext.swift */; };
		FA2737902D7889BA0020FFB2 /* UITextField+Ext.swift in Sources */ = {isa = PBXBuildFile; fileRef = FA27378F2D7889BA0020FFB2 /* UITextField+Ext.swift */; };
		FA3F3AEC2D48CA01009384A3 /* AppDelegate.swift in Sources */ = {isa = PBXBuildFile; fileRef = FA3F3AEB2D48CA01009384A3 /* AppDelegate.swift */; };
		FA3F3AF52D48CA02009384A3 /* Assets.xcassets in Resources */ = {isa = PBXBuildFile; fileRef = FA3F3AF42D48CA02009384A3 /* Assets.xcassets */; };
		FA3F3AF82D48CA02009384A3 /* Base in Resources */ = {isa = PBXBuildFile; fileRef = FA3F3AF72D48CA02009384A3 /* Base */; };
		FA3F3B032D48CCF4009384A3 /* LibraryViewController.swift in Sources */ = {isa = PBXBuildFile; fileRef = FA3F3B022D48CCF4009384A3 /* LibraryViewController.swift */; };
		FA3F3B052D48D22F009384A3 /* LibraryInputView.swift in Sources */ = {isa = PBXBuildFile; fileRef = FA3F3B042D48D22F009384A3 /* LibraryInputView.swift */; };
		FA3F3B072D48DAC9009384A3 /* book.fb2 in Resources */ = {isa = PBXBuildFile; fileRef = FA3F3B062D48DAC9009384A3 /* book.fb2 */; };
		FA3F3B092D48DADE009384A3 /* XMLParserManager.swift in Sources */ = {isa = PBXBuildFile; fileRef = FA3F3B082D48DADE009384A3 /* XMLParserManager.swift */; };
		FA3F3B0B2D48DB4A009384A3 /* FManager.swift in Sources */ = {isa = PBXBuildFile; fileRef = FA3F3B0A2D48DB4A009384A3 /* FManager.swift */; };
		FA6BF2C82D5CDCBE00B0A760 /* LibraryViewModel.swift in Sources */ = {isa = PBXBuildFile; fileRef = FA6BF2C72D5CDCBE00B0A760 /* LibraryViewModel.swift */; };
		FA6BF2CC2D5E01D000B0A760 /* Book.swift in Sources */ = {isa = PBXBuildFile; fileRef = FA6BF2CB2D5E01D000B0A760 /* Book.swift */; };
		FA6BF2CE2D5E023600B0A760 /* Genre.swift in Sources */ = {isa = PBXBuildFile; fileRef = FA6BF2CD2D5E023600B0A760 /* Genre.swift */; };
		FA6BF2D22D64B74A00B0A760 /* AddingViewController.swift in Sources */ = {isa = PBXBuildFile; fileRef = FA6BF2D12D64B74A00B0A760 /* AddingViewController.swift */; };
		FA6BF2D42D64B79800B0A760 /* AddingInputView.swift in Sources */ = {isa = PBXBuildFile; fileRef = FA6BF2D32D64B79800B0A760 /* AddingInputView.swift */; };
		FA99853C2D53763500695E42 /* MainTabBarController.swift in Sources */ = {isa = PBXBuildFile; fileRef = FA99853B2D53763500695E42 /* MainTabBarController.swift */; };
		FA99853E2D537F9900695E42 /* SettingsViewController.swift in Sources */ = {isa = PBXBuildFile; fileRef = FA99853D2D537F9900695E42 /* SettingsViewController.swift */; };
/* End PBXBuildFile section */

/* Begin PBXFileReference section */
		FA10903D2D4ADC1A008F082C /* BookCollectionViewCell.swift */ = {isa = PBXFileReference; lastKnownFileType = sourcecode.swift; path = BookCollectionViewCell.swift; sourceTree = "<group>"; };
		FA27378B2D7885A10020FFB2 /* NewCoverView.swift */ = {isa = PBXFileReference; lastKnownFileType = sourcecode.swift; path = NewCoverView.swift; sourceTree = "<group>"; };
		FA27378D2D7887440020FFB2 /* UIView+Ext.swift */ = {isa = PBXFileReference; lastKnownFileType = sourcecode.swift; path = "UIView+Ext.swift"; sourceTree = "<group>"; };
		FA27378F2D7889BA0020FFB2 /* UITextField+Ext.swift */ = {isa = PBXFileReference; lastKnownFileType = sourcecode.swift; path = "UITextField+Ext.swift"; sourceTree = "<group>"; };
		FA3F3AE82D48CA01009384A3 /* BookReader.app */ = {isa = PBXFileReference; explicitFileType = wrapper.application; includeInIndex = 0; path = BookReader.app; sourceTree = BUILT_PRODUCTS_DIR; };
		FA3F3AEB2D48CA01009384A3 /* AppDelegate.swift */ = {isa = PBXFileReference; lastKnownFileType = sourcecode.swift; path = AppDelegate.swift; sourceTree = "<group>"; };
		FA3F3AF42D48CA02009384A3 /* Assets.xcassets */ = {isa = PBXFileReference; lastKnownFileType = folder.assetcatalog; path = Assets.xcassets; sourceTree = "<group>"; };
		FA3F3AF72D48CA02009384A3 /* Base */ = {isa = PBXFileReference; lastKnownFileType = file.storyboard; name = Base; path = Base.lproj/LaunchScreen.storyboard; sourceTree = "<group>"; };
		FA3F3AF92D48CA02009384A3 /* Info.plist */ = {isa = PBXFileReference; lastKnownFileType = text.plist.xml; path = Info.plist; sourceTree = "<group>"; };
		FA3F3B022D48CCF4009384A3 /* LibraryViewController.swift */ = {isa = PBXFileReference; lastKnownFileType = sourcecode.swift; path = LibraryViewController.swift; sourceTree = "<group>"; };
		FA3F3B042D48D22F009384A3 /* LibraryInputView.swift */ = {isa = PBXFileReference; lastKnownFileType = sourcecode.swift; path = LibraryInputView.swift; sourceTree = "<group>"; };
		FA3F3B062D48DAC9009384A3 /* book.fb2 */ = {isa = PBXFileReference; fileEncoding = 4; lastKnownFileType = text.xml; path = book.fb2; sourceTree = "<group>"; };
		FA3F3B082D48DADE009384A3 /* XMLParserManager.swift */ = {isa = PBXFileReference; lastKnownFileType = sourcecode.swift; path = XMLParserManager.swift; sourceTree = "<group>"; };
		FA3F3B0A2D48DB4A009384A3 /* FManager.swift */ = {isa = PBXFileReference; lastKnownFileType = sourcecode.swift; path = FManager.swift; sourceTree = "<group>"; };
		FA6BF2C72D5CDCBE00B0A760 /* LibraryViewModel.swift */ = {isa = PBXFileReference; lastKnownFileType = sourcecode.swift; path = LibraryViewModel.swift; sourceTree = "<group>"; };
		FA6BF2CB2D5E01D000B0A760 /* Book.swift */ = {isa = PBXFileReference; lastKnownFileType = sourcecode.swift; path = Book.swift; sourceTree = "<group>"; };
		FA6BF2CD2D5E023600B0A760 /* Genre.swift */ = {isa = PBXFileReference; lastKnownFileType = sourcecode.swift; path = Genre.swift; sourceTree = "<group>"; };
		FA6BF2D12D64B74A00B0A760 /* AddingViewController.swift */ = {isa = PBXFileReference; lastKnownFileType = sourcecode.swift; path = AddingViewController.swift; sourceTree = "<group>"; };
		FA6BF2D32D64B79800B0A760 /* AddingInputView.swift */ = {isa = PBXFileReference; lastKnownFileType = sourcecode.swift; path = AddingInputView.swift; sourceTree = "<group>"; };
		FA99853B2D53763500695E42 /* MainTabBarController.swift */ = {isa = PBXFileReference; lastKnownFileType = sourcecode.swift; path = MainTabBarController.swift; sourceTree = "<group>"; };
		FA99853D2D537F9900695E42 /* SettingsViewController.swift */ = {isa = PBXFileReference; lastKnownFileType = sourcecode.swift; path = SettingsViewController.swift; sourceTree = "<group>"; };
/* End PBXFileReference section */

/* Begin PBXFrameworksBuildPhase section */
		FA3F3AE52D48CA01009384A3 /* Frameworks */ = {
			isa = PBXFrameworksBuildPhase;
			buildActionMask = 2147483647;
			files = (
			);
			runOnlyForDeploymentPostprocessing = 0;
		};
/* End PBXFrameworksBuildPhase section */

/* Begin PBXGroup section */
		FA3F3ADF2D48CA01009384A3 = {
			isa = PBXGroup;
			children = (
				FA3F3AEA2D48CA01009384A3 /* BookReader */,
				FA3F3AE92D48CA01009384A3 /* Products */,
			);
			sourceTree = "<group>";
		};
		FA3F3AE92D48CA01009384A3 /* Products */ = {
			isa = PBXGroup;
			children = (
				FA3F3AE82D48CA01009384A3 /* BookReader.app */,
			);
			name = Products;
			sourceTree = "<group>";
		};
		FA3F3AEA2D48CA01009384A3 /* BookReader */ = {
			isa = PBXGroup;
			children = (
				FA3F3AEB2D48CA01009384A3 /* AppDelegate.swift */,
				FA99853A2D52AA9C00695E42 /* Managers */,
				FA3F3B002D48CAD6009384A3 /* Scenes */,
				FA3F3AFF2D48CACC009384A3 /* Resources */,
				FA27378D2D7887440020FFB2 /* UIView+Ext.swift */,
				FA27378F2D7889BA0020FFB2 /* UITextField+Ext.swift */,
			);
			path = BookReader;
			sourceTree = "<group>";
		};
		FA3F3AFF2D48CACC009384A3 /* Resources */ = {
			isa = PBXGroup;
			children = (
				FA3F3AF42D48CA02009384A3 /* Assets.xcassets */,
				FA3F3AF92D48CA02009384A3 /* Info.plist */,
				FA3F3B062D48DAC9009384A3 /* book.fb2 */,
			);
			path = Resources;
			sourceTree = "<group>";
		};
		FA3F3B002D48CAD6009384A3 /* Scenes */ = {
			isa = PBXGroup;
			children = (
				FA3F3B012D48CADE009384A3 /* LaunchScreen */,
				FA9985382D52AA7C00695E42 /* Library */,
				FA6BF2CF2D64B73800B0A760 /* Adding */,
				FA99853F2D539BEF00695E42 /* Settings */,
			);
			path = Scenes;
			sourceTree = "<group>";
		};
		FA3F3B012D48CADE009384A3 /* LaunchScreen */ = {
			isa = PBXGroup;
			children = (
				FA3F3AF62D48CA02009384A3 /* LaunchScreen.storyboard */,
			);
			path = LaunchScreen;
			sourceTree = "<group>";
		};
		FA6BF2C92D5E01C100B0A760 /* ViewModel */ = {
			isa = PBXGroup;
			children = (
				FA6BF2C72D5CDCBE00B0A760 /* LibraryViewModel.swift */,
			);
			path = ViewModel;
			sourceTree = "<group>";
		};
		FA6BF2CA2D5E01CA00B0A760 /* Model */ = {
			isa = PBXGroup;
			children = (
				FA6BF2CB2D5E01D000B0A760 /* Book.swift */,
				FA6BF2CD2D5E023600B0A760 /* Genre.swift */,
			);
			path = Model;
			sourceTree = "<group>";
		};
		FA6BF2CF2D64B73800B0A760 /* Adding */ = {
			isa = PBXGroup;
			children = (
				FA6BF2D02D64B74100B0A760 /* View */,
			);
			path = Adding;
			sourceTree = "<group>";
		};
		FA6BF2D02D64B74100B0A760 /* View */ = {
			isa = PBXGroup;
			children = (
				FA6BF2D12D64B74A00B0A760 /* AddingViewController.swift */,
				FA6BF2D32D64B79800B0A760 /* AddingInputView.swift */,
				FA27378B2D7885A10020FFB2 /* NewCoverView.swift */,
			);
			path = View;
			sourceTree = "<group>";
		};
		FA9985382D52AA7C00695E42 /* Library */ = {
			isa = PBXGroup;
			children = (
				FA6BF2CA2D5E01CA00B0A760 /* Model */,
				FA9985392D52AA8600695E42 /* View */,
				FA6BF2C92D5E01C100B0A760 /* ViewModel */,
			);
			path = Library;
			sourceTree = "<group>";
		};
		FA9985392D52AA8600695E42 /* View */ = {
			isa = PBXGroup;
			children = (
				FA3F3B022D48CCF4009384A3 /* LibraryViewController.swift */,
				FA10903D2D4ADC1A008F082C /* BookCollectionViewCell.swift */,
				FA3F3B042D48D22F009384A3 /* LibraryInputView.swift */,
				FA99853B2D53763500695E42 /* MainTabBarController.swift */,
			);
			path = View;
			sourceTree = "<group>";
		};
		FA99853A2D52AA9C00695E42 /* Managers */ = {
			isa = PBXGroup;
			children = (
				FA3F3B082D48DADE009384A3 /* XMLParserManager.swift */,
				FA3F3B0A2D48DB4A009384A3 /* FManager.swift */,
			);
			path = Managers;
			sourceTree = "<group>";
		};
		FA99853F2D539BEF00695E42 /* Settings */ = {
			isa = PBXGroup;
			children = (
				FA9985402D539BF900695E42 /* View */,
			);
			path = Settings;
			sourceTree = "<group>";
		};
		FA9985402D539BF900695E42 /* View */ = {
			isa = PBXGroup;
			children = (
				FA99853D2D537F9900695E42 /* SettingsViewController.swift */,
			);
			path = View;
			sourceTree = "<group>";
		};
/* End PBXGroup section */

/* Begin PBXNativeTarget section */
		FA3F3AE72D48CA01009384A3 /* BookReader */ = {
			isa = PBXNativeTarget;
			buildConfigurationList = FA3F3AFC2D48CA02009384A3 /* Build configuration list for PBXNativeTarget "BookReader" */;
			buildPhases = (
				FA3F3AE42D48CA01009384A3 /* Sources */,
				FA3F3AE52D48CA01009384A3 /* Frameworks */,
				FA3F3AE62D48CA01009384A3 /* Resources */,
			);
			buildRules = (
			);
			dependencies = (
			);
			name = BookReader;
			productName = BookReader;
			productReference = FA3F3AE82D48CA01009384A3 /* BookReader.app */;
			productType = "com.apple.product-type.application";
		};
/* End PBXNativeTarget section */

/* Begin PBXProject section */
		FA3F3AE02D48CA01009384A3 /* Project object */ = {
			isa = PBXProject;
			attributes = {
				BuildIndependentTargetsInParallel = 1;
				LastSwiftUpdateCheck = 1540;
				LastUpgradeCheck = 1540;
				TargetAttributes = {
					FA3F3AE72D48CA01009384A3 = {
						CreatedOnToolsVersion = 15.4;
					};
				};
			};
			buildConfigurationList = FA3F3AE32D48CA01009384A3 /* Build configuration list for PBXProject "BookReader" */;
			compatibilityVersion = "Xcode 14.0";
			developmentRegion = en;
			hasScannedForEncodings = 0;
			knownRegions = (
				en,
				Base,
			);
			mainGroup = FA3F3ADF2D48CA01009384A3;
			productRefGroup = FA3F3AE92D48CA01009384A3 /* Products */;
			projectDirPath = "";
			projectRoot = "";
			targets = (
				FA3F3AE72D48CA01009384A3 /* BookReader */,
			);
		};
/* End PBXProject section */

/* Begin PBXResourcesBuildPhase section */
		FA3F3AE62D48CA01009384A3 /* Resources */ = {
			isa = PBXResourcesBuildPhase;
			buildActionMask = 2147483647;
			files = (
				FA3F3AF52D48CA02009384A3 /* Assets.xcassets in Resources */,
				FA3F3AF82D48CA02009384A3 /* Base in Resources */,
				FA3F3B072D48DAC9009384A3 /* book.fb2 in Resources */,
			);
			runOnlyForDeploymentPostprocessing = 0;
		};
/* End PBXResourcesBuildPhase section */

/* Begin PBXSourcesBuildPhase section */
		FA3F3AE42D48CA01009384A3 /* Sources */ = {
			isa = PBXSourcesBuildPhase;
			buildActionMask = 2147483647;
			files = (
				FA6BF2D42D64B79800B0A760 /* AddingInputView.swift in Sources */,
				FA3F3B032D48CCF4009384A3 /* LibraryViewController.swift in Sources */,
				FA27378E2D7887440020FFB2 /* UIView+Ext.swift in Sources */,
				FA2737902D7889BA0020FFB2 /* UITextField+Ext.swift in Sources */,
				FA3F3AEC2D48CA01009384A3 /* AppDelegate.swift in Sources */,
				FA3F3B092D48DADE009384A3 /* XMLParserManager.swift in Sources */,
				FA6BF2CE2D5E023600B0A760 /* Genre.swift in Sources */,
				FA10903E2D4ADC1A008F082C /* BookCollectionViewCell.swift in Sources */,
				FA3F3B052D48D22F009384A3 /* LibraryInputView.swift in Sources */,
				FA3F3B0B2D48DB4A009384A3 /* FManager.swift in Sources */,
				FA99853C2D53763500695E42 /* MainTabBarController.swift in Sources */,
				FA6BF2C82D5CDCBE00B0A760 /* LibraryViewModel.swift in Sources */,
				FA6BF2CC2D5E01D000B0A760 /* Book.swift in Sources */,
				FA99853E2D537F9900695E42 /* SettingsViewController.swift in Sources */,
				FA6BF2D22D64B74A00B0A760 /* AddingViewController.swift in Sources */,
				FA27378C2D7885A10020FFB2 /* NewCoverView.swift in Sources */,
			);
			runOnlyForDeploymentPostprocessing = 0;
		};
/* End PBXSourcesBuildPhase section */

/* Begin PBXVariantGroup section */
		FA3F3AF62D48CA02009384A3 /* LaunchScreen.storyboard */ = {
			isa = PBXVariantGroup;
			children = (
				FA3F3AF72D48CA02009384A3 /* Base */,
			);
			name = LaunchScreen.storyboard;
			sourceTree = "<group>";
		};
/* End PBXVariantGroup section */

/* Begin XCBuildConfiguration section */
		FA3F3AFA2D48CA02009384A3 /* Debug */ = {
			isa = XCBuildConfiguration;
			buildSettings = {
				ALWAYS_SEARCH_USER_PATHS = NO;
				ASSETCATALOG_COMPILER_GENERATE_SWIFT_ASSET_SYMBOL_EXTENSIONS = YES;
				CLANG_ANALYZER_NONNULL = YES;
				CLANG_ANALYZER_NUMBER_OBJECT_CONVERSION = YES_AGGRESSIVE;
				CLANG_CXX_LANGUAGE_STANDARD = "gnu++20";
				CLANG_ENABLE_MODULES = YES;
				CLANG_ENABLE_OBJC_ARC = YES;
				CLANG_ENABLE_OBJC_WEAK = YES;
				CLANG_WARN_BLOCK_CAPTURE_AUTORELEASING = YES;
				CLANG_WARN_BOOL_CONVERSION = YES;
				CLANG_WARN_COMMA = YES;
				CLANG_WARN_CONSTANT_CONVERSION = YES;
				CLANG_WARN_DEPRECATED_OBJC_IMPLEMENTATIONS = YES;
				CLANG_WARN_DIRECT_OBJC_ISA_USAGE = YES_ERROR;
				CLANG_WARN_DOCUMENTATION_COMMENTS = YES;
				CLANG_WARN_EMPTY_BODY = YES;
				CLANG_WARN_ENUM_CONVERSION = YES;
				CLANG_WARN_INFINITE_RECURSION = YES;
				CLANG_WARN_INT_CONVERSION = YES;
				CLANG_WARN_NON_LITERAL_NULL_CONVERSION = YES;
				CLANG_WARN_OBJC_IMPLICIT_RETAIN_SELF = YES;
				CLANG_WARN_OBJC_LITERAL_CONVERSION = YES;
				CLANG_WARN_OBJC_ROOT_CLASS = YES_ERROR;
				CLANG_WARN_QUOTED_INCLUDE_IN_FRAMEWORK_HEADER = YES;
				CLANG_WARN_RANGE_LOOP_ANALYSIS = YES;
				CLANG_WARN_STRICT_PROTOTYPES = YES;
				CLANG_WARN_SUSPICIOUS_MOVE = YES;
				CLANG_WARN_UNGUARDED_AVAILABILITY = YES_AGGRESSIVE;
				CLANG_WARN_UNREACHABLE_CODE = YES;
				CLANG_WARN__DUPLICATE_METHOD_MATCH = YES;
				COPY_PHASE_STRIP = NO;
				DEBUG_INFORMATION_FORMAT = dwarf;
				ENABLE_STRICT_OBJC_MSGSEND = YES;
				ENABLE_TESTABILITY = YES;
				ENABLE_USER_SCRIPT_SANDBOXING = YES;
				GCC_C_LANGUAGE_STANDARD = gnu17;
				GCC_DYNAMIC_NO_PIC = NO;
				GCC_NO_COMMON_BLOCKS = YES;
				GCC_OPTIMIZATION_LEVEL = 0;
				GCC_PREPROCESSOR_DEFINITIONS = (
					"DEBUG=1",
					"$(inherited)",
				);
				GCC_WARN_64_TO_32_BIT_CONVERSION = YES;
				GCC_WARN_ABOUT_RETURN_TYPE = YES_ERROR;
				GCC_WARN_UNDECLARED_SELECTOR = YES;
				GCC_WARN_UNINITIALIZED_AUTOS = YES_AGGRESSIVE;
				GCC_WARN_UNUSED_FUNCTION = YES;
				GCC_WARN_UNUSED_VARIABLE = YES;
				IPHONEOS_DEPLOYMENT_TARGET = 17.5;
				LOCALIZATION_PREFERS_STRING_CATALOGS = YES;
				MTL_ENABLE_DEBUG_INFO = INCLUDE_SOURCE;
				MTL_FAST_MATH = YES;
				ONLY_ACTIVE_ARCH = YES;
				SDKROOT = iphoneos;
				SWIFT_ACTIVE_COMPILATION_CONDITIONS = "DEBUG $(inherited)";
				SWIFT_OPTIMIZATION_LEVEL = "-Onone";
			};
			name = Debug;
		};
		FA3F3AFB2D48CA02009384A3 /* Release */ = {
			isa = XCBuildConfiguration;
			buildSettings = {
				ALWAYS_SEARCH_USER_PATHS = NO;
				ASSETCATALOG_COMPILER_GENERATE_SWIFT_ASSET_SYMBOL_EXTENSIONS = YES;
				CLANG_ANALYZER_NONNULL = YES;
				CLANG_ANALYZER_NUMBER_OBJECT_CONVERSION = YES_AGGRESSIVE;
				CLANG_CXX_LANGUAGE_STANDARD = "gnu++20";
				CLANG_ENABLE_MODULES = YES;
				CLANG_ENABLE_OBJC_ARC = YES;
				CLANG_ENABLE_OBJC_WEAK = YES;
				CLANG_WARN_BLOCK_CAPTURE_AUTORELEASING = YES;
				CLANG_WARN_BOOL_CONVERSION = YES;
				CLANG_WARN_COMMA = YES;
				CLANG_WARN_CONSTANT_CONVERSION = YES;
				CLANG_WARN_DEPRECATED_OBJC_IMPLEMENTATIONS = YES;
				CLANG_WARN_DIRECT_OBJC_ISA_USAGE = YES_ERROR;
				CLANG_WARN_DOCUMENTATION_COMMENTS = YES;
				CLANG_WARN_EMPTY_BODY = YES;
				CLANG_WARN_ENUM_CONVERSION = YES;
				CLANG_WARN_INFINITE_RECURSION = YES;
				CLANG_WARN_INT_CONVERSION = YES;
				CLANG_WARN_NON_LITERAL_NULL_CONVERSION = YES;
				CLANG_WARN_OBJC_IMPLICIT_RETAIN_SELF = YES;
				CLANG_WARN_OBJC_LITERAL_CONVERSION = YES;
				CLANG_WARN_OBJC_ROOT_CLASS = YES_ERROR;
				CLANG_WARN_QUOTED_INCLUDE_IN_FRAMEWORK_HEADER = YES;
				CLANG_WARN_RANGE_LOOP_ANALYSIS = YES;
				CLANG_WARN_STRICT_PROTOTYPES = YES;
				CLANG_WARN_SUSPICIOUS_MOVE = YES;
				CLANG_WARN_UNGUARDED_AVAILABILITY = YES_AGGRESSIVE;
				CLANG_WARN_UNREACHABLE_CODE = YES;
				CLANG_WARN__DUPLICATE_METHOD_MATCH = YES;
				COPY_PHASE_STRIP = NO;
				DEBUG_INFORMATION_FORMAT = "dwarf-with-dsym";
				ENABLE_NS_ASSERTIONS = NO;
				ENABLE_STRICT_OBJC_MSGSEND = YES;
				ENABLE_USER_SCRIPT_SANDBOXING = YES;
				GCC_C_LANGUAGE_STANDARD = gnu17;
				GCC_NO_COMMON_BLOCKS = YES;
				GCC_WARN_64_TO_32_BIT_CONVERSION = YES;
				GCC_WARN_ABOUT_RETURN_TYPE = YES_ERROR;
				GCC_WARN_UNDECLARED_SELECTOR = YES;
				GCC_WARN_UNINITIALIZED_AUTOS = YES_AGGRESSIVE;
				GCC_WARN_UNUSED_FUNCTION = YES;
				GCC_WARN_UNUSED_VARIABLE = YES;
				IPHONEOS_DEPLOYMENT_TARGET = 17.5;
				LOCALIZATION_PREFERS_STRING_CATALOGS = YES;
				MTL_ENABLE_DEBUG_INFO = NO;
				MTL_FAST_MATH = YES;
				SDKROOT = iphoneos;
				SWIFT_COMPILATION_MODE = wholemodule;
				VALIDATE_PRODUCT = YES;
			};
			name = Release;
		};
		FA3F3AFD2D48CA02009384A3 /* Debug */ = {
			isa = XCBuildConfiguration;
			buildSettings = {
				ASSETCATALOG_COMPILER_APPICON_NAME = AppIcon;
				ASSETCATALOG_COMPILER_GLOBAL_ACCENT_COLOR_NAME = AccentColor;
				CODE_SIGN_STYLE = Automatic;
				CURRENT_PROJECT_VERSION = 1;
				GENERATE_INFOPLIST_FILE = YES;
				INFOPLIST_FILE = BookReader/Resources/Info.plist;
				INFOPLIST_KEY_UIApplicationSupportsIndirectInputEvents = YES;
				INFOPLIST_KEY_UILaunchStoryboardName = LaunchScreen;
				INFOPLIST_KEY_UISupportedInterfaceOrientations_iPad = "UIInterfaceOrientationPortrait UIInterfaceOrientationPortraitUpsideDown UIInterfaceOrientationLandscapeLeft UIInterfaceOrientationLandscapeRight";
				INFOPLIST_KEY_UISupportedInterfaceOrientations_iPhone = "UIInterfaceOrientationPortrait UIInterfaceOrientationLandscapeLeft UIInterfaceOrientationLandscapeRight";
				IPHONEOS_DEPLOYMENT_TARGET = 16.0;
				LD_RUNPATH_SEARCH_PATHS = (
					"$(inherited)",
					"@executable_path/Frameworks",
				);
				MARKETING_VERSION = 1.0;
				PRODUCT_BUNDLE_IDENTIFIER = "-.BookReader";
				PRODUCT_NAME = "$(TARGET_NAME)";
				SUPPORTED_PLATFORMS = "iphoneos iphonesimulator";
				SUPPORTS_MACCATALYST = NO;
				SUPPORTS_MAC_DESIGNED_FOR_IPHONE_IPAD = NO;
				SUPPORTS_XR_DESIGNED_FOR_IPHONE_IPAD = NO;
				SWIFT_EMIT_LOC_STRINGS = YES;
				SWIFT_VERSION = 5.0;
				TARGETED_DEVICE_FAMILY = 1;
			};
			name = Debug;
		};
		FA3F3AFE2D48CA02009384A3 /* Release */ = {
			isa = XCBuildConfiguration;
			buildSettings = {
				ASSETCATALOG_COMPILER_APPICON_NAME = AppIcon;
				ASSETCATALOG_COMPILER_GLOBAL_ACCENT_COLOR_NAME = AccentColor;
				CODE_SIGN_STYLE = Automatic;
				CURRENT_PROJECT_VERSION = 1;
				GENERATE_INFOPLIST_FILE = YES;
				INFOPLIST_FILE = BookReader/Resources/Info.plist;
				INFOPLIST_KEY_UIApplicationSupportsIndirectInputEvents = YES;
				INFOPLIST_KEY_UILaunchStoryboardName = LaunchScreen;
				INFOPLIST_KEY_UISupportedInterfaceOrientations_iPad = "UIInterfaceOrientationPortrait UIInterfaceOrientationPortraitUpsideDown UIInterfaceOrientationLandscapeLeft UIInterfaceOrientationLandscapeRight";
				INFOPLIST_KEY_UISupportedInterfaceOrientations_iPhone = "UIInterfaceOrientationPortrait UIInterfaceOrientationLandscapeLeft UIInterfaceOrientationLandscapeRight";
				IPHONEOS_DEPLOYMENT_TARGET = 16.0;
				LD_RUNPATH_SEARCH_PATHS = (
					"$(inherited)",
					"@executable_path/Frameworks",
				);
				MARKETING_VERSION = 1.0;
				PRODUCT_BUNDLE_IDENTIFIER = "-.BookReader";
				PRODUCT_NAME = "$(TARGET_NAME)";
				SUPPORTED_PLATFORMS = "iphoneos iphonesimulator";
				SUPPORTS_MACCATALYST = NO;
				SUPPORTS_MAC_DESIGNED_FOR_IPHONE_IPAD = NO;
				SUPPORTS_XR_DESIGNED_FOR_IPHONE_IPAD = NO;
				SWIFT_EMIT_LOC_STRINGS = YES;
				SWIFT_VERSION = 5.0;
				TARGETED_DEVICE_FAMILY = 1;
			};
			name = Release;
		};
/* End XCBuildConfiguration section */

/* Begin XCConfigurationList section */
		FA3F3AE32D48CA01009384A3 /* Build configuration list for PBXProject "BookReader" */ = {
			isa = XCConfigurationList;
			buildConfigurations = (
				FA3F3AFA2D48CA02009384A3 /* Debug */,
				FA3F3AFB2D48CA02009384A3 /* Release */,
			);
			defaultConfigurationIsVisible = 0;
			defaultConfigurationName = Release;
		};
		FA3F3AFC2D48CA02009384A3 /* Build configuration list for PBXNativeTarget "BookReader" */ = {
			isa = XCConfigurationList;
			buildConfigurations = (
				FA3F3AFD2D48CA02009384A3 /* Debug */,
				FA3F3AFE2D48CA02009384A3 /* Release */,
			);
			defaultConfigurationIsVisible = 0;
			defaultConfigurationName = Release;
		};
/* End XCConfigurationList section */
	};
	rootObject = FA3F3AE02D48CA01009384A3 /* Project object */;
}
